// !$*UTF8*$!
{
	archiveVersion = 1;
	classes = {
	};
	objectVersion = 56;
	objects = {

/* Begin PBXBuildFile section */
		63AF9AD82B53F9A7006B0F97 /* AppDelegate.swift in Sources */ = {isa = PBXBuildFile; fileRef = 63AF9AD72B53F9A7006B0F97 /* AppDelegate.swift */; };
		63AF9ADA2B53F9A7006B0F97 /* GameScene.sks in Resources */ = {isa = PBXBuildFile; fileRef = 63AF9AD92B53F9A7006B0F97 /* GameScene.sks */; };
		63AF9ADC2B53F9A7006B0F97 /* Actions.sks in Resources */ = {isa = PBXBuildFile; fileRef = 63AF9ADB2B53F9A7006B0F97 /* Actions.sks */; };
		63AF9ADE2B53F9A7006B0F97 /* GameScene.swift in Sources */ = {isa = PBXBuildFile; fileRef = 63AF9ADD2B53F9A7006B0F97 /* GameScene.swift */; };
		63AF9AE02B53F9A7006B0F97 /* GameViewController.swift in Sources */ = {isa = PBXBuildFile; fileRef = 63AF9ADF2B53F9A7006B0F97 /* GameViewController.swift */; };
		63AF9AE32B53F9A7006B0F97 /* Main.storyboard in Resources */ = {isa = PBXBuildFile; fileRef = 63AF9AE12B53F9A7006B0F97 /* Main.storyboard */; };
		63AF9AE52B53F9A9006B0F97 /* Assets.xcassets in Resources */ = {isa = PBXBuildFile; fileRef = 63AF9AE42B53F9A9006B0F97 /* Assets.xcassets */; };
		63AF9AE82B53F9A9006B0F97 /* LaunchScreen.storyboard in Resources */ = {isa = PBXBuildFile; fileRef = 63AF9AE62B53F9A9006B0F97 /* LaunchScreen.storyboard */; };
		63AF9AF02B53FD5E006B0F97 /* TileSet.sks in Resources */ = {isa = PBXBuildFile; fileRef = 63AF9AEF2B53FD5E006B0F97 /* TileSet.sks */; };
		63AF9AF32B540024006B0F97 /* Player.swift in Sources */ = {isa = PBXBuildFile; fileRef = 63AF9AF22B540024006B0F97 /* Player.swift */; };
		63AF9AF52B540874006B0F97 /* Joystick.swift in Sources */ = {isa = PBXBuildFile; fileRef = 63AF9AF42B540874006B0F97 /* Joystick.swift */; };
		63AF9AF82B540F3B006B0F97 /* CGPointExtension.swift in Sources */ = {isa = PBXBuildFile; fileRef = 63AF9AF72B540F3B006B0F97 /* CGPointExtension.swift */; };
		63AF9AFA2B541CF9006B0F97 /* SKNodeExtension.swift in Sources */ = {isa = PBXBuildFile; fileRef = 63AF9AF92B541CF9006B0F97 /* SKNodeExtension.swift */; };
/* End PBXBuildFile section */

/* Begin PBXFileReference section */
		63AF9AD42B53F9A7006B0F97 /* PlainMap.app */ = {isa = PBXFileReference; explicitFileType = wrapper.application; includeInIndex = 0; path = PlainMap.app; sourceTree = BUILT_PRODUCTS_DIR; };
		63AF9AD72B53F9A7006B0F97 /* AppDelegate.swift */ = {isa = PBXFileReference; lastKnownFileType = sourcecode.swift; path = AppDelegate.swift; sourceTree = "<group>"; };
		63AF9AD92B53F9A7006B0F97 /* GameScene.sks */ = {isa = PBXFileReference; lastKnownFileType = file.sks; path = GameScene.sks; sourceTree = "<group>"; };
		63AF9ADB2B53F9A7006B0F97 /* Actions.sks */ = {isa = PBXFileReference; lastKnownFileType = file.sks; path = Actions.sks; sourceTree = "<group>"; };
		63AF9ADD2B53F9A7006B0F97 /* GameScene.swift */ = {isa = PBXFileReference; lastKnownFileType = sourcecode.swift; path = GameScene.swift; sourceTree = "<group>"; };
		63AF9ADF2B53F9A7006B0F97 /* GameViewController.swift */ = {isa = PBXFileReference; lastKnownFileType = sourcecode.swift; path = GameViewController.swift; sourceTree = "<group>"; };
		63AF9AE22B53F9A7006B0F97 /* Base */ = {isa = PBXFileReference; lastKnownFileType = file.storyboard; name = Base; path = Base.lproj/Main.storyboard; sourceTree = "<group>"; };
		63AF9AE42B53F9A9006B0F97 /* Assets.xcassets */ = {isa = PBXFileReference; lastKnownFileType = folder.assetcatalog; path = Assets.xcassets; sourceTree = "<group>"; };
		63AF9AE72B53F9A9006B0F97 /* Base */ = {isa = PBXFileReference; lastKnownFileType = file.storyboard; name = Base; path = Base.lproj/LaunchScreen.storyboard; sourceTree = "<group>"; };
		63AF9AEF2B53FD5E006B0F97 /* TileSet.sks */ = {isa = PBXFileReference; lastKnownFileType = file.sks; path = TileSet.sks; sourceTree = "<group>"; };
		63AF9AF22B540024006B0F97 /* Player.swift */ = {isa = PBXFileReference; lastKnownFileType = sourcecode.swift; path = Player.swift; sourceTree = "<group>"; };
		63AF9AF42B540874006B0F97 /* Joystick.swift */ = {isa = PBXFileReference; lastKnownFileType = sourcecode.swift; path = Joystick.swift; sourceTree = "<group>"; };
		63AF9AF72B540F3B006B0F97 /* CGPointExtension.swift */ = {isa = PBXFileReference; lastKnownFileType = sourcecode.swift; path = CGPointExtension.swift; sourceTree = "<group>"; };
		63AF9AF92B541CF9006B0F97 /* SKNodeExtension.swift */ = {isa = PBXFileReference; lastKnownFileType = sourcecode.swift; path = SKNodeExtension.swift; sourceTree = "<group>"; };
/* End PBXFileReference section */

/* Begin PBXFrameworksBuildPhase section */
		63AF9AD12B53F9A7006B0F97 /* Frameworks */ = {
			isa = PBXFrameworksBuildPhase;
			buildActionMask = 2147483647;
			files = (
			);
			runOnlyForDeploymentPostprocessing = 0;
		};
/* End PBXFrameworksBuildPhase section */

/* Begin PBXGroup section */
		63AF9ACB2B53F9A7006B0F97 = {
			isa = PBXGroup;
			children = (
				63AF9AD62B53F9A7006B0F97 /* PlainMap */,
				63AF9AD52B53F9A7006B0F97 /* Products */,
			);
			sourceTree = "<group>";
		};
		63AF9AD52B53F9A7006B0F97 /* Products */ = {
			isa = PBXGroup;
			children = (
				63AF9AD42B53F9A7006B0F97 /* PlainMap.app */,
			);
			name = Products;
			sourceTree = "<group>";
		};
		63AF9AD62B53F9A7006B0F97 /* PlainMap */ = {
			isa = PBXGroup;
			children = (
				63AF9AF62B540F25006B0F97 /* Extensions */,
				63AF9AF12B540013006B0F97 /* Classes */,
				63AF9AEE2B53FA36006B0F97 /* Scenes */,
				63AF9AD72B53F9A7006B0F97 /* AppDelegate.swift */,
				63AF9ADB2B53F9A7006B0F97 /* Actions.sks */,
				63AF9ADF2B53F9A7006B0F97 /* GameViewController.swift */,
				63AF9AE12B53F9A7006B0F97 /* Main.storyboard */,
				63AF9AE42B53F9A9006B0F97 /* Assets.xcassets */,
				63AF9AE62B53F9A9006B0F97 /* LaunchScreen.storyboard */,
				63AF9AEF2B53FD5E006B0F97 /* TileSet.sks */,
			);
			path = PlainMap;
			sourceTree = "<group>";
		};
		63AF9AEE2B53FA36006B0F97 /* Scenes */ = {
			isa = PBXGroup;
			children = (
				63AF9ADD2B53F9A7006B0F97 /* GameScene.swift */,
				63AF9AD92B53F9A7006B0F97 /* GameScene.sks */,
			);
			path = Scenes;
			sourceTree = "<group>";
		};
		63AF9AF12B540013006B0F97 /* Classes */ = {
			isa = PBXGroup;
			children = (
				63AF9AF22B540024006B0F97 /* Player.swift */,
				63AF9AF42B540874006B0F97 /* Joystick.swift */,
			);
			path = Classes;
			sourceTree = "<group>";
		};
		63AF9AF62B540F25006B0F97 /* Extensions */ = {
			isa = PBXGroup;
			children = (
				63AF9AF72B540F3B006B0F97 /* CGPointExtension.swift */,
				63AF9AF92B541CF9006B0F97 /* SKNodeExtension.swift */,
			);
			path = Extensions;
			sourceTree = "<group>";
		};
/* End PBXGroup section */

/* Begin PBXNativeTarget section */
		63AF9AD32B53F9A7006B0F97 /* PlainMap */ = {
			isa = PBXNativeTarget;
			buildConfigurationList = 63AF9AEB2B53F9A9006B0F97 /* Build configuration list for PBXNativeTarget "PlainMap" */;
			buildPhases = (
				63AF9AD02B53F9A7006B0F97 /* Sources */,
				63AF9AD12B53F9A7006B0F97 /* Frameworks */,
				63AF9AD22B53F9A7006B0F97 /* Resources */,
			);
			buildRules = (
			);
			dependencies = (
			);
			name = PlainMap;
			productName = PlainMap;
			productReference = 63AF9AD42B53F9A7006B0F97 /* PlainMap.app */;
			productType = "com.apple.product-type.application";
		};
/* End PBXNativeTarget section */

/* Begin PBXProject section */
		63AF9ACC2B53F9A7006B0F97 /* Project object */ = {
			isa = PBXProject;
			attributes = {
				BuildIndependentTargetsInParallel = 1;
				LastSwiftUpdateCheck = 1520;
				LastUpgradeCheck = 1520;
				TargetAttributes = {
					63AF9AD32B53F9A7006B0F97 = {
						CreatedOnToolsVersion = 15.2;
					};
				};
			};
			buildConfigurationList = 63AF9ACF2B53F9A7006B0F97 /* Build configuration list for PBXProject "PlainMap" */;
			compatibilityVersion = "Xcode 14.0";
			developmentRegion = en;
			hasScannedForEncodings = 0;
			knownRegions = (
				en,
				Base,
			);
			mainGroup = 63AF9ACB2B53F9A7006B0F97;
			productRefGroup = 63AF9AD52B53F9A7006B0F97 /* Products */;
			projectDirPath = "";
			projectRoot = "";
			targets = (
				63AF9AD32B53F9A7006B0F97 /* PlainMap */,
			);
		};
/* End PBXProject section */

/* Begin PBXResourcesBuildPhase section */
		63AF9AD22B53F9A7006B0F97 /* Resources */ = {
			isa = PBXResourcesBuildPhase;
			buildActionMask = 2147483647;
			files = (
				63AF9AF02B53FD5E006B0F97 /* TileSet.sks in Resources */,
				63AF9AE32B53F9A7006B0F97 /* Main.storyboard in Resources */,
				63AF9ADA2B53F9A7006B0F97 /* GameScene.sks in Resources */,
				63AF9AE52B53F9A9006B0F97 /* Assets.xcassets in Resources */,
				63AF9AE82B53F9A9006B0F97 /* LaunchScreen.storyboard in Resources */,
				63AF9ADC2B53F9A7006B0F97 /* Actions.sks in Resources */,
			);
			runOnlyForDeploymentPostprocessing = 0;
		};
/* End PBXResourcesBuildPhase section */

/* Begin PBXSourcesBuildPhase section */
		63AF9AD02B53F9A7006B0F97 /* Sources */ = {
			isa = PBXSourcesBuildPhase;
			buildActionMask = 2147483647;
			files = (
				63AF9AF32B540024006B0F97 /* Player.swift in Sources */,
				63AF9ADE2B53F9A7006B0F97 /* GameScene.swift in Sources */,
				63AF9AF82B540F3B006B0F97 /* CGPointExtension.swift in Sources */,
				63AF9AFA2B541CF9006B0F97 /* SKNodeExtension.swift in Sources */,
				63AF9AF52B540874006B0F97 /* Joystick.swift in Sources */,
				63AF9AE02B53F9A7006B0F97 /* GameViewController.swift in Sources */,
				63AF9AD82B53F9A7006B0F97 /* AppDelegate.swift in Sources */,
			);
			runOnlyForDeploymentPostprocessing = 0;
		};
/* End PBXSourcesBuildPhase section */

/* Begin PBXVariantGroup section */
		63AF9AE12B53F9A7006B0F97 /* Main.storyboard */ = {
			isa = PBXVariantGroup;
			children = (
				63AF9AE22B53F9A7006B0F97 /* Base */,
			);
			name = Main.storyboard;
			sourceTree = "<group>";
		};
		63AF9AE62B53F9A9006B0F97 /* LaunchScreen.storyboard */ = {
			isa = PBXVariantGroup;
			children = (
				63AF9AE72B53F9A9006B0F97 /* Base */,
			);
			name = LaunchScreen.storyboard;
			sourceTree = "<group>";
		};
/* End PBXVariantGroup section */

/* Begin XCBuildConfiguration section */
		63AF9AE92B53F9A9006B0F97 /* Debug */ = {
			isa = XCBuildConfiguration;
			buildSettings = {
				ALWAYS_SEARCH_USER_PATHS = NO;
				ASSETCATALOG_COMPILER_GENERATE_SWIFT_ASSET_SYMBOL_EXTENSIONS = YES;
				CLANG_ANALYZER_NONNULL = YES;
				CLANG_ANALYZER_NUMBER_OBJECT_CONVERSION = YES_AGGRESSIVE;
				CLANG_CXX_LANGUAGE_STANDARD = "gnu++20";
				CLANG_ENABLE_MODULES = YES;
				CLANG_ENABLE_OBJC_ARC = YES;
				CLANG_ENABLE_OBJC_WEAK = YES;
				CLANG_WARN_BLOCK_CAPTURE_AUTORELEASING = YES;
				CLANG_WARN_BOOL_CONVERSION = YES;
				CLANG_WARN_COMMA = YES;
				CLANG_WARN_CONSTANT_CONVERSION = YES;
				CLANG_WARN_DEPRECATED_OBJC_IMPLEMENTATIONS = YES;
				CLANG_WARN_DIRECT_OBJC_ISA_USAGE = YES_ERROR;
				CLANG_WARN_DOCUMENTATION_COMMENTS = YES;
				CLANG_WARN_EMPTY_BODY = YES;
				CLANG_WARN_ENUM_CONVERSION = YES;
				CLANG_WARN_INFINITE_RECURSION = YES;
				CLANG_WARN_INT_CONVERSION = YES;
				CLANG_WARN_NON_LITERAL_NULL_CONVERSION = YES;
				CLANG_WARN_OBJC_IMPLICIT_RETAIN_SELF = YES;
				CLANG_WARN_OBJC_LITERAL_CONVERSION = YES;
				CLANG_WARN_OBJC_ROOT_CLASS = YES_ERROR;
				CLANG_WARN_QUOTED_INCLUDE_IN_FRAMEWORK_HEADER = YES;
				CLANG_WARN_RANGE_LOOP_ANALYSIS = YES;
				CLANG_WARN_STRICT_PROTOTYPES = YES;
				CLANG_WARN_SUSPICIOUS_MOVE = YES;
				CLANG_WARN_UNGUARDED_AVAILABILITY = YES_AGGRESSIVE;
				CLANG_WARN_UNREACHABLE_CODE = YES;
				CLANG_WARN__DUPLICATE_METHOD_MATCH = YES;
				COPY_PHASE_STRIP = NO;
				DEBUG_INFORMATION_FORMAT = dwarf;
				ENABLE_STRICT_OBJC_MSGSEND = YES;
				ENABLE_TESTABILITY = YES;
				ENABLE_USER_SCRIPT_SANDBOXING = YES;
				GCC_C_LANGUAGE_STANDARD = gnu17;
				GCC_DYNAMIC_NO_PIC = NO;
				GCC_NO_COMMON_BLOCKS = YES;
				GCC_OPTIMIZATION_LEVEL = 0;
				GCC_PREPROCESSOR_DEFINITIONS = (
					"DEBUG=1",
					"$(inherited)",
				);
				GCC_WARN_64_TO_32_BIT_CONVERSION = YES;
				GCC_WARN_ABOUT_RETURN_TYPE = YES_ERROR;
				GCC_WARN_UNDECLARED_SELECTOR = YES;
				GCC_WARN_UNINITIALIZED_AUTOS = YES_AGGRESSIVE;
				GCC_WARN_UNUSED_FUNCTION = YES;
				GCC_WARN_UNUSED_VARIABLE = YES;
				IPHONEOS_DEPLOYMENT_TARGET = 17.2;
				LOCALIZATION_PREFERS_STRING_CATALOGS = YES;
				MTL_ENABLE_DEBUG_INFO = INCLUDE_SOURCE;
				MTL_FAST_MATH = YES;
				ONLY_ACTIVE_ARCH = YES;
				SDKROOT = iphoneos;
				SWIFT_ACTIVE_COMPILATION_CONDITIONS = "DEBUG $(inherited)";
				SWIFT_OPTIMIZATION_LEVEL = "-Onone";
			};
			name = Debug;
		};
		63AF9AEA2B53F9A9006B0F97 /* Release */ = {
			isa = XCBuildConfiguration;
			buildSettings = {
				ALWAYS_SEARCH_USER_PATHS = NO;
				ASSETCATALOG_COMPILER_GENERATE_SWIFT_ASSET_SYMBOL_EXTENSIONS = YES;
				CLANG_ANALYZER_NONNULL = YES;
				CLANG_ANALYZER_NUMBER_OBJECT_CONVERSION = YES_AGGRESSIVE;
				CLANG_CXX_LANGUAGE_STANDARD = "gnu++20";
				CLANG_ENABLE_MODULES = YES;
				CLANG_ENABLE_OBJC_ARC = YES;
				CLANG_ENABLE_OBJC_WEAK = YES;
				CLANG_WARN_BLOCK_CAPTURE_AUTORELEASING = YES;
				CLANG_WARN_BOOL_CONVERSION = YES;
				CLANG_WARN_COMMA = YES;
				CLANG_WARN_CONSTANT_CONVERSION = YES;
				CLANG_WARN_DEPRECATED_OBJC_IMPLEMENTATIONS = YES;
				CLANG_WARN_DIRECT_OBJC_ISA_USAGE = YES_ERROR;
				CLANG_WARN_DOCUMENTATION_COMMENTS = YES;
				CLANG_WARN_EMPTY_BODY = YES;
				CLANG_WARN_ENUM_CONVERSION = YES;
				CLANG_WARN_INFINITE_RECURSION = YES;
				CLANG_WARN_INT_CONVERSION = YES;
				CLANG_WARN_NON_LITERAL_NULL_CONVERSION = YES;
				CLANG_WARN_OBJC_IMPLICIT_RETAIN_SELF = YES;
				CLANG_WARN_OBJC_LITERAL_CONVERSION = YES;
				CLANG_WARN_OBJC_ROOT_CLASS = YES_ERROR;
				CLANG_WARN_QUOTED_INCLUDE_IN_FRAMEWORK_HEADER = YES;
				CLANG_WARN_RANGE_LOOP_ANALYSIS = YES;
				CLANG_WARN_STRICT_PROTOTYPES = YES;
				CLANG_WARN_SUSPICIOUS_MOVE = YES;
				CLANG_WARN_UNGUARDED_AVAILABILITY = YES_AGGRESSIVE;
				CLANG_WARN_UNREACHABLE_CODE = YES;
				CLANG_WARN__DUPLICATE_METHOD_MATCH = YES;
				COPY_PHASE_STRIP = NO;
				DEBUG_INFORMATION_FORMAT = "dwarf-with-dsym";
				ENABLE_NS_ASSERTIONS = NO;
				ENABLE_STRICT_OBJC_MSGSEND = YES;
				ENABLE_USER_SCRIPT_SANDBOXING = YES;
				GCC_C_LANGUAGE_STANDARD = gnu17;
				GCC_NO_COMMON_BLOCKS = YES;
				GCC_WARN_64_TO_32_BIT_CONVERSION = YES;
				GCC_WARN_ABOUT_RETURN_TYPE = YES_ERROR;
				GCC_WARN_UNDECLARED_SELECTOR = YES;
				GCC_WARN_UNINITIALIZED_AUTOS = YES_AGGRESSIVE;
				GCC_WARN_UNUSED_FUNCTION = YES;
				GCC_WARN_UNUSED_VARIABLE = YES;
				IPHONEOS_DEPLOYMENT_TARGET = 17.2;
				LOCALIZATION_PREFERS_STRING_CATALOGS = YES;
				MTL_ENABLE_DEBUG_INFO = NO;
				MTL_FAST_MATH = YES;
				SDKROOT = iphoneos;
				SWIFT_COMPILATION_MODE = wholemodule;
				VALIDATE_PRODUCT = YES;
			};
			name = Release;
		};
		63AF9AEC2B53F9A9006B0F97 /* Debug */ = {
			isa = XCBuildConfiguration;
			buildSettings = {
				ASSETCATALOG_COMPILER_APPICON_NAME = AppIcon;
				ASSETCATALOG_COMPILER_GLOBAL_ACCENT_COLOR_NAME = AccentColor;
				CODE_SIGN_STYLE = Automatic;
				CURRENT_PROJECT_VERSION = 1;
				DEVELOPMENT_TEAM = KSSGK85LDN;
				GENERATE_INFOPLIST_FILE = YES;
				INFOPLIST_KEY_UIApplicationSupportsIndirectInputEvents = YES;
				INFOPLIST_KEY_UILaunchStoryboardName = LaunchScreen;
				INFOPLIST_KEY_UIMainStoryboardFile = Main;
				INFOPLIST_KEY_UIStatusBarHidden = YES;
				INFOPLIST_KEY_UISupportedInterfaceOrientations_iPad = "UIInterfaceOrientationPortrait UIInterfaceOrientationPortraitUpsideDown UIInterfaceOrientationLandscapeLeft UIInterfaceOrientationLandscapeRight";
				INFOPLIST_KEY_UISupportedInterfaceOrientations_iPhone = "UIInterfaceOrientationPortrait UIInterfaceOrientationLandscapeLeft UIInterfaceOrientationLandscapeRight";
				IPHONEOS_DEPLOYMENT_TARGET = 17.0;
				LD_RUNPATH_SEARCH_PATHS = (
					"$(inherited)",
					"@executable_path/Frameworks",
				);
				MARKETING_VERSION = 1.0;
				PRODUCT_BUNDLE_IDENTIFIER = com.ourcompany.PlainMap;
				PRODUCT_NAME = "$(TARGET_NAME)";
				SWIFT_EMIT_LOC_STRINGS = YES;
				SWIFT_VERSION = 5.0;
				TARGETED_DEVICE_FAMILY = "1,2";
			};
			name = Debug;
		};
		63AF9AED2B53F9A9006B0F97 /* Release */ = {
			isa = XCBuildConfiguration;
			buildSettings = {
				ASSETCATALOG_COMPILER_APPICON_NAME = AppIcon;
				ASSETCATALOG_COMPILER_GLOBAL_ACCENT_COLOR_NAME = AccentColor;
				CODE_SIGN_STYLE = Automatic;
				CURRENT_PROJECT_VERSION = 1;
				DEVELOPMENT_TEAM = KSSGK85LDN;
				GENERATE_INFOPLIST_FILE = YES;
				INFOPLIST_KEY_UIApplicationSupportsIndirectInputEvents = YES;
				INFOPLIST_KEY_UILaunchStoryboardName = LaunchScreen;
				INFOPLIST_KEY_UIMainStoryboardFile = Main;
				INFOPLIST_KEY_UIStatusBarHidden = YES;
				INFOPLIST_KEY_UISupportedInterfaceOrientations_iPad = "UIInterfaceOrientationPortrait UIInterfaceOrientationPortraitUpsideDown UIInterfaceOrientationLandscapeLeft UIInterfaceOrientationLandscapeRight";
				INFOPLIST_KEY_UISupportedInterfaceOrientations_iPhone = "UIInterfaceOrientationPortrait UIInterfaceOrientationLandscapeLeft UIInterfaceOrientationLandscapeRight";
				IPHONEOS_DEPLOYMENT_TARGET = 17.0;
				LD_RUNPATH_SEARCH_PATHS = (
					"$(inherited)",
					"@executable_path/Frameworks",
				);
				MARKETING_VERSION = 1.0;
				PRODUCT_BUNDLE_IDENTIFIER = com.ourcompany.PlainMap;
				PRODUCT_NAME = "$(TARGET_NAME)";
				SWIFT_EMIT_LOC_STRINGS = YES;
				SWIFT_VERSION = 5.0;
				TARGETED_DEVICE_FAMILY = "1,2";
			};
			name = Release;
		};
/* End XCBuildConfiguration section */

/* Begin XCConfigurationList section */
		63AF9ACF2B53F9A7006B0F97 /* Build configuration list for PBXProject "PlainMap" */ = {
			isa = XCConfigurationList;
			buildConfigurations = (
				63AF9AE92B53F9A9006B0F97 /* Debug */,
				63AF9AEA2B53F9A9006B0F97 /* Release */,
			);
			defaultConfigurationIsVisible = 0;
			defaultConfigurationName = Release;
		};
		63AF9AEB2B53F9A9006B0F97 /* Build configuration list for PBXNativeTarget "PlainMap" */ = {
			isa = XCConfigurationList;
			buildConfigurations = (
				63AF9AEC2B53F9A9006B0F97 /* Debug */,
				63AF9AED2B53F9A9006B0F97 /* Release */,
			);
			defaultConfigurationIsVisible = 0;
			defaultConfigurationName = Release;
		};
/* End XCConfigurationList section */
	};
	rootObject = 63AF9ACC2B53F9A7006B0F97 /* Project object */;
}
